
Microsoft Visual Studio Solution File, Format Version 12.00
# Visual Studio Version 16
VisualStudioVersion = 16.0.31515.178
MinimumVisualStudioVersion = 10.0.40219.1
Project("{8BC9CEB8-8B4A-11D0-8D11-00A0C91BC942}") = "zaryoGuzo_Minseo", "zaryoGuzo_Minseo\zaryoGuzo_Minseo.vcxproj", "{A76D8ACB-B8DB-4DE5-B52E-F22D12A08CDF}"
EndProject
Project("{8BC9CEB8-8B4A-11D0-8D11-00A0C91BC942}") = "LinkedList1", "LinkedList1\LinkedList1.vcxproj", "{FF0198FF-7E57-4EAC-B11D-457298D9A49D}"
EndProject
Project("{8BC9CEB8-8B4A-11D0-8D11-00A0C91BC942}") = "Linkedlist", "Linkedlist\Linkedlist.vcxproj", "{2EBDD2EB-4F17-4E1E-931A-2083ADDA888F}"
EndProject
Project("{8BC9CEB8-8B4A-11D0-8D11-00A0C91BC942}") = "doubleLinkedList", "doubleLinkedList\doubleLinkedList.vcxproj", "{7EC3774C-9B0E-4485-9D99-9793C6C8015C}"
EndProject
Project("{8BC9CEB8-8B4A-11D0-8D11-00A0C91BC942}") = "stackList", "stackList\stackList.vcxproj", "{1074DADE-78D8-40F3-A42D-F2119080A51D}"
EndProject
Global
	GlobalSection(SolutionConfigurationPlatforms) = preSolution
		Debug|x64 = Debug|x64
		Debug|x86 = Debug|x86
		Release|x64 = Release|x64
		Release|x86 = Release|x86
	EndGlobalSection
	GlobalSection(ProjectConfigurationPlatforms) = postSolution
		{A76D8ACB-B8DB-4DE5-B52E-F22D12A08CDF}.Debug|x64.ActiveCfg = Debug|x64
		{A76D8ACB-B8DB-4DE5-B52E-F22D12A08CDF}.Debug|x64.Build.0 = Debug|x64
		{A76D8ACB-B8DB-4DE5-B52E-F22D12A08CDF}.Debug|x86.ActiveCfg = Debug|Win32
		{A76D8ACB-B8DB-4DE5-B52E-F22D12A08CDF}.Debug|x86.Build.0 = Debug|Win32
		{A76D8ACB-B8DB-4DE5-B52E-F22D12A08CDF}.Release|x64.ActiveCfg = Release|x64
		{A76D8ACB-B8DB-4DE5-B52E-F22D12A08CDF}.Release|x64.Build.0 = Release|x64
		{A76D8ACB-B8DB-4DE5-B52E-F22D12A08CDF}.Release|x86.ActiveCfg = Release|Win32
		{A76D8ACB-B8DB-4DE5-B52E-F22D12A08CDF}.Release|x86.Build.0 = Release|Win32
		{FF0198FF-7E57-4EAC-B11D-457298D9A49D}.Debug|x64.ActiveCfg = Debug|x64
		{FF0198FF-7E57-4EAC-B11D-457298D9A49D}.Debug|x64.Build.0 = Debug|x64
		{FF0198FF-7E57-4EAC-B11D-457298D9A49D}.Debug|x86.ActiveCfg = Debug|Win32
		{FF0198FF-7E57-4EAC-B11D-457298D9A49D}.Debug|x86.Build.0 = Debug|Win32
		{FF0198FF-7E57-4EAC-B11D-457298D9A49D}.Release|x64.ActiveCfg = Release|x64
		{FF0198FF-7E57-4EAC-B11D-457298D9A49D}.Release|x64.Build.0 = Release|x64
		{FF0198FF-7E57-4EAC-B11D-457298D9A49D}.Release|x86.ActiveCfg = Release|Win32
		{FF0198FF-7E57-4EAC-B11D-457298D9A49D}.Release|x86.Build.0 = Release|Win32
		{2EBDD2EB-4F17-4E1E-931A-2083ADDA888F}.Debug|x64.ActiveCfg = Debug|x64
		{2EBDD2EB-4F17-4E1E-931A-2083ADDA888F}.Debug|x64.Build.0 = Debug|x64
		{2EBDD2EB-4F17-4E1E-931A-2083ADDA888F}.Debug|x86.ActiveCfg = Debug|Win32
		{2EBDD2EB-4F17-4E1E-931A-2083ADDA888F}.Debug|x86.Build.0 = Debug|Win32
		{2EBDD2EB-4F17-4E1E-931A-2083ADDA888F}.Release|x64.ActiveCfg = Release|x64
		{2EBDD2EB-4F17-4E1E-931A-2083ADDA888F}.Release|x64.Build.0 = Release|x64
		{2EBDD2EB-4F17-4E1E-931A-2083ADDA888F}.Release|x86.ActiveCfg = Release|Win32
		{2EBDD2EB-4F17-4E1E-931A-2083ADDA888F}.Release|x86.Build.0 = Release|Win32
		{7EC3774C-9B0E-4485-9D99-9793C6C8015C}.Debug|x64.ActiveCfg = Debug|x64
		{7EC3774C-9B0E-4485-9D99-9793C6C8015C}.Debug|x64.Build.0 = Debug|x64
		{7EC3774C-9B0E-4485-9D99-9793C6C8015C}.Debug|x86.ActiveCfg = Debug|Win32
		{7EC3774C-9B0E-4485-9D99-9793C6C8015C}.Debug|x86.Build.0 = Debug|Win32
		{7EC3774C-9B0E-4485-9D99-9793C6C8015C}.Release|x64.ActiveCfg = Release|x64
		{7EC3774C-9B0E-4485-9D99-9793C6C8015C}.Release|x64.Build.0 = Release|x64
		{7EC3774C-9B0E-4485-9D99-9793C6C8015C}.Release|x86.ActiveCfg = Release|Win32
		{7EC3774C-9B0E-4485-9D99-9793C6C8015C}.Release|x86.Build.0 = Release|Win32
		{1074DADE-78D8-40F3-A42D-F2119080A51D}.Debug|x64.ActiveCfg = Debug|x64
		{1074DADE-78D8-40F3-A42D-F2119080A51D}.Debug|x64.Build.0 = Debug|x64
		{1074DADE-78D8-40F3-A42D-F2119080A51D}.Debug|x86.ActiveCfg = Debug|Win32
		{1074DADE-78D8-40F3-A42D-F2119080A51D}.Debug|x86.Build.0 = Debug|Win32
		{1074DADE-78D8-40F3-A42D-F2119080A51D}.Release|x64.ActiveCfg = Release|x64
		{1074DADE-78D8-40F3-A42D-F2119080A51D}.Release|x64.Build.0 = Release|x64
		{1074DADE-78D8-40F3-A42D-F2119080A51D}.Release|x86.ActiveCfg = Release|Win32
		{1074DADE-78D8-40F3-A42D-F2119080A51D}.Release|x86.Build.0 = Release|Win32
	EndGlobalSection
	GlobalSection(SolutionProperties) = preSolution
		HideSolutionNode = FALSE
	EndGlobalSection
	GlobalSection(ExtensibilityGlobals) = postSolution
		SolutionGuid = {8520CD70-4353-42BA-AD67-B0BD4E968388}
	EndGlobalSection
EndGlobal
